// !$*UTF8*$!
{
	archiveVersion = 1;
	classes = {
	};
	objectVersion = 48;
	objects = {

/* Begin PBXBuildFile section */
		3E8EF584B8770A9FFC1DF032 /* Pods_iTunesInterface.framework in Frameworks */ = {isa = PBXBuildFile; fileRef = 1C3113D5251B4160499C2FCF /* Pods_iTunesInterface.framework */; };
		9E01350C1F97B25800877B78 /* Constants.swift in Sources */ = {isa = PBXBuildFile; fileRef = 9E01350B1F97B25800877B78 /* Constants.swift */; };
		9E0135101F97B90F00877B78 /* DataService.swift in Sources */ = {isa = PBXBuildFile; fileRef = 9E01350F1F97B90F00877B78 /* DataService.swift */; };
		9E0DD3151F984FF8008DDCF9 /* Alerts.swift in Sources */ = {isa = PBXBuildFile; fileRef = 9E0DD3141F984FF8008DDCF9 /* Alerts.swift */; };
		9E1BD3921F982F3700D5EB7E /* AlbumCell.swift in Sources */ = {isa = PBXBuildFile; fileRef = 9E1BD3911F982F3700D5EB7E /* AlbumCell.swift */; };
		9E1BD3951F9834D600D5EB7E /* Album.swift in Sources */ = {isa = PBXBuildFile; fileRef = 9E1BD3941F9834D600D5EB7E /* Album.swift */; };
		9E1BD3981F983A2000D5EB7E /* UIImageViewExt.swift in Sources */ = {isa = PBXBuildFile; fileRef = 9E1BD3971F983A2000D5EB7E /* UIImageViewExt.swift */; };
		9EB977711F97AD63003EE58A /* AppDelegate.swift in Sources */ = {isa = PBXBuildFile; fileRef = 9EB977701F97AD63003EE58A /* AppDelegate.swift */; };
		9EB977731F97AD63003EE58A /* HomeVC.swift in Sources */ = {isa = PBXBuildFile; fileRef = 9EB977721F97AD63003EE58A /* HomeVC.swift */; };
		9EB977761F97AD63003EE58A /* Main.storyboard in Resources */ = {isa = PBXBuildFile; fileRef = 9EB977741F97AD63003EE58A /* Main.storyboard */; };
		9EB977781F97AD63003EE58A /* Assets.xcassets in Resources */ = {isa = PBXBuildFile; fileRef = 9EB977771F97AD63003EE58A /* Assets.xcassets */; };
		9EB9777B1F97AD63003EE58A /* LaunchScreen.storyboard in Resources */ = {isa = PBXBuildFile; fileRef = 9EB977791F97AD63003EE58A /* LaunchScreen.storyboard */; };
/* End PBXBuildFile section */

/* Begin PBXFileReference section */
		1C3113D5251B4160499C2FCF /* Pods_iTunesInterface.framework */ = {isa = PBXFileReference; explicitFileType = wrapper.framework; includeInIndex = 0; path = Pods_iTunesInterface.framework; sourceTree = BUILT_PRODUCTS_DIR; };
		9E01350B1F97B25800877B78 /* Constants.swift */ = {isa = PBXFileReference; lastKnownFileType = sourcecode.swift; path = Constants.swift; sourceTree = "<group>"; };
		9E01350F1F97B90F00877B78 /* DataService.swift */ = {isa = PBXFileReference; lastKnownFileType = sourcecode.swift; path = DataService.swift; sourceTree = "<group>"; };
		9E0DD3141F984FF8008DDCF9 /* Alerts.swift */ = {isa = PBXFileReference; lastKnownFileType = sourcecode.swift; path = Alerts.swift; sourceTree = "<group>"; };
		9E1BD3911F982F3700D5EB7E /* AlbumCell.swift */ = {isa = PBXFileReference; lastKnownFileType = sourcecode.swift; path = AlbumCell.swift; sourceTree = "<group>"; };
		9E1BD3941F9834D600D5EB7E /* Album.swift */ = {isa = PBXFileReference; lastKnownFileType = sourcecode.swift; path = Album.swift; sourceTree = "<group>"; };
		9E1BD3971F983A2000D5EB7E /* UIImageViewExt.swift */ = {isa = PBXFileReference; lastKnownFileType = sourcecode.swift; path = UIImageViewExt.swift; sourceTree = "<group>"; };
		9EB9776D1F97AD63003EE58A /* iTunesInterface.app */ = {isa = PBXFileReference; explicitFileType = wrapper.application; includeInIndex = 0; path = iTunesInterface.app; sourceTree = BUILT_PRODUCTS_DIR; };
		9EB977701F97AD63003EE58A /* AppDelegate.swift */ = {isa = PBXFileReference; lastKnownFileType = sourcecode.swift; path = AppDelegate.swift; sourceTree = "<group>"; };
		9EB977721F97AD63003EE58A /* HomeVC.swift */ = {isa = PBXFileReference; lastKnownFileType = sourcecode.swift; path = HomeVC.swift; sourceTree = "<group>"; };
		9EB977751F97AD63003EE58A /* Base */ = {isa = PBXFileReference; lastKnownFileType = file.storyboard; name = Base; path = Base.lproj/Main.storyboard; sourceTree = "<group>"; };
		9EB977771F97AD63003EE58A /* Assets.xcassets */ = {isa = PBXFileReference; lastKnownFileType = folder.assetcatalog; path = Assets.xcassets; sourceTree = "<group>"; };
		9EB9777A1F97AD63003EE58A /* Base */ = {isa = PBXFileReference; lastKnownFileType = file.storyboard; name = Base; path = Base.lproj/LaunchScreen.storyboard; sourceTree = "<group>"; };
		9EB9777C1F97AD63003EE58A /* Info.plist */ = {isa = PBXFileReference; lastKnownFileType = text.plist.xml; path = Info.plist; sourceTree = "<group>"; };
		BCD7A83832C6F01F7A4DDFF0 /* Pods-iTunesInterface.release.xcconfig */ = {isa = PBXFileReference; includeInIndex = 1; lastKnownFileType = text.xcconfig; name = "Pods-iTunesInterface.release.xcconfig"; path = "Pods/Target Support Files/Pods-iTunesInterface/Pods-iTunesInterface.release.xcconfig"; sourceTree = "<group>"; };
		BF6D98911DA2B9E606FBE397 /* Pods-iTunesInterface.debug.xcconfig */ = {isa = PBXFileReference; includeInIndex = 1; lastKnownFileType = text.xcconfig; name = "Pods-iTunesInterface.debug.xcconfig"; path = "Pods/Target Support Files/Pods-iTunesInterface/Pods-iTunesInterface.debug.xcconfig"; sourceTree = "<group>"; };
/* End PBXFileReference section */

/* Begin PBXFrameworksBuildPhase section */
		9EB9776A1F97AD63003EE58A /* Frameworks */ = {
			isa = PBXFrameworksBuildPhase;
			buildActionMask = 2147483647;
			files = (
				3E8EF584B8770A9FFC1DF032 /* Pods_iTunesInterface.framework in Frameworks */,
			);
			runOnlyForDeploymentPostprocessing = 0;
		};
/* End PBXFrameworksBuildPhase section */

/* Begin PBXGroup section */
		4BA2B4F42D3C5141E8CA15B9 /* Frameworks */ = {
			isa = PBXGroup;
			children = (
				1C3113D5251B4160499C2FCF /* Pods_iTunesInterface.framework */,
			);
			name = Frameworks;
			sourceTree = "<group>";
		};
		9E01350A1F97B24B00877B78 /* Utilities */ = {
			isa = PBXGroup;
			children = (
				9E01350B1F97B25800877B78 /* Constants.swift */,
			);
			path = Utilities;
			sourceTree = "<group>";
		};
		9E01350D1F97B8D000877B78 /* Controller */ = {
			isa = PBXGroup;
			children = (
				9EB977721F97AD63003EE58A /* HomeVC.swift */,
			);
			path = Controller;
			sourceTree = "<group>";
		};
		9E01350E1F97B8ED00877B78 /* Services */ = {
			isa = PBXGroup;
			children = (
				9E01350F1F97B90F00877B78 /* DataService.swift */,
			);
			path = Services;
			sourceTree = "<group>";
		};
		9E0135111F97D79000877B78 /* View */ = {
			isa = PBXGroup;
			children = (
				9E1BD3911F982F3700D5EB7E /* AlbumCell.swift */,
			);
			path = View;
			sourceTree = "<group>";
		};
		9E0DD3131F984FE5008DDCF9 /* Error Alerts */ = {
			isa = PBXGroup;
			children = (
				9E0DD3141F984FF8008DDCF9 /* Alerts.swift */,
			);
			path = "Error Alerts";
			sourceTree = "<group>";
		};
		9E1BD3931F9834BD00D5EB7E /* Model */ = {
			isa = PBXGroup;
			children = (
				9E1BD3941F9834D600D5EB7E /* Album.swift */,
			);
			path = Model;
			sourceTree = "<group>";
		};
		9E1BD3961F983A0A00D5EB7E /* Extensions */ = {
			isa = PBXGroup;
			children = (
				9E1BD3971F983A2000D5EB7E /* UIImageViewExt.swift */,
			);
			path = Extensions;
			sourceTree = "<group>";
		};
		9EB977641F97AD63003EE58A = {
			isa = PBXGroup;
			children = (
				9EB9776F1F97AD63003EE58A /* iTunesInterface */,
				9EB9776E1F97AD63003EE58A /* Products */,
				EDBA62E2ACB8EAFCF4CA97B3 /* Pods */,
				4BA2B4F42D3C5141E8CA15B9 /* Frameworks */,
			);
			sourceTree = "<group>";
		};
		9EB9776E1F97AD63003EE58A /* Products */ = {
			isa = PBXGroup;
			children = (
				9EB9776D1F97AD63003EE58A /* iTunesInterface.app */,
			);
			name = Products;
			sourceTree = "<group>";
		};
		9EB9776F1F97AD63003EE58A /* iTunesInterface */ = {
			isa = PBXGroup;
			children = (
				9E0DD3131F984FE5008DDCF9 /* Error Alerts */,
				9E1BD3961F983A0A00D5EB7E /* Extensions */,
				9E01350E1F97B8ED00877B78 /* Services */,
				9E01350A1F97B24B00877B78 /* Utilities */,
				9E1BD3931F9834BD00D5EB7E /* Model */,
				9E0135111F97D79000877B78 /* View */,
				9E01350D1F97B8D000877B78 /* Controller */,
				9EB977701F97AD63003EE58A /* AppDelegate.swift */,
				9EB977741F97AD63003EE58A /* Main.storyboard */,
				9EB977771F97AD63003EE58A /* Assets.xcassets */,
				9EB977791F97AD63003EE58A /* LaunchScreen.storyboard */,
				9EB9777C1F97AD63003EE58A /* Info.plist */,
			);
			path = iTunesInterface;
			sourceTree = "<group>";
		};
		EDBA62E2ACB8EAFCF4CA97B3 /* Pods */ = {
			isa = PBXGroup;
			children = (
				BF6D98911DA2B9E606FBE397 /* Pods-iTunesInterface.debug.xcconfig */,
				BCD7A83832C6F01F7A4DDFF0 /* Pods-iTunesInterface.release.xcconfig */,
			);
			name = Pods;
			sourceTree = "<group>";
		};
/* End PBXGroup section */

/* Begin PBXNativeTarget section */
		9EB9776C1F97AD63003EE58A /* iTunesInterface */ = {
			isa = PBXNativeTarget;
			buildConfigurationList = 9EB9777F1F97AD63003EE58A /* Build configuration list for PBXNativeTarget "iTunesInterface" */;
			buildPhases = (
				EC0CB3A1D0B9E0F1418D4EEF /* [CP] Check Pods Manifest.lock */,
				9EB977691F97AD63003EE58A /* Sources */,
				9EB9776A1F97AD63003EE58A /* Frameworks */,
				9EB9776B1F97AD63003EE58A /* Resources */,
				A32564C507F43282FAE81B01 /* [CP] Embed Pods Frameworks */,
				457C7AB4B301A9E2F1103056 /* [CP] Copy Pods Resources */,
			);
			buildRules = (
			);
			dependencies = (
			);
			name = iTunesInterface;
			productName = iTunesInterface;
			productReference = 9EB9776D1F97AD63003EE58A /* iTunesInterface.app */;
			productType = "com.apple.product-type.application";
		};
/* End PBXNativeTarget section */

/* Begin PBXProject section */
		9EB977651F97AD63003EE58A /* Project object */ = {
			isa = PBXProject;
			attributes = {
				LastSwiftUpdateCheck = 0900;
				LastUpgradeCheck = 0900;
				ORGANIZATIONNAME = kvkr;
				TargetAttributes = {
					9EB9776C1F97AD63003EE58A = {
						CreatedOnToolsVersion = 9.0;
						ProvisioningStyle = Automatic;
					};
				};
			};
			buildConfigurationList = 9EB977681F97AD63003EE58A /* Build configuration list for PBXProject "iTunesInterface" */;
			compatibilityVersion = "Xcode 8.0";
			developmentRegion = en;
			hasScannedForEncodings = 0;
			knownRegions = (
				en,
				Base,
			);
			mainGroup = 9EB977641F97AD63003EE58A;
			productRefGroup = 9EB9776E1F97AD63003EE58A /* Products */;
			projectDirPath = "";
			projectRoot = "";
			targets = (
				9EB9776C1F97AD63003EE58A /* iTunesInterface */,
			);
		};
/* End PBXProject section */

/* Begin PBXResourcesBuildPhase section */
		9EB9776B1F97AD63003EE58A /* Resources */ = {
			isa = PBXResourcesBuildPhase;
			buildActionMask = 2147483647;
			files = (
				9EB9777B1F97AD63003EE58A /* LaunchScreen.storyboard in Resources */,
				9EB977781F97AD63003EE58A /* Assets.xcassets in Resources */,
				9EB977761F97AD63003EE58A /* Main.storyboard in Resources */,
			);
			runOnlyForDeploymentPostprocessing = 0;
		};
/* End PBXResourcesBuildPhase section */

/* Begin PBXShellScriptBuildPhase section */
		457C7AB4B301A9E2F1103056 /* [CP] Copy Pods Resources */ = {
			isa = PBXShellScriptBuildPhase;
			buildActionMask = 2147483647;
			files = (
			);
			inputPaths = (
			);
			name = "[CP] Copy Pods Resources";
			outputPaths = (
			);
			runOnlyForDeploymentPostprocessing = 0;
			shellPath = /bin/sh;
			shellScript = "\"${SRCROOT}/Pods/Target Support Files/Pods-iTunesInterface/Pods-iTunesInterface-resources.sh\"\n";
			showEnvVarsInLog = 0;
		};
		A32564C507F43282FAE81B01 /* [CP] Embed Pods Frameworks */ = {
			isa = PBXShellScriptBuildPhase;
			buildActionMask = 2147483647;
			files = (
			);
			inputPaths = (
				"${SRCROOT}/Pods/Target Support Files/Pods-iTunesInterface/Pods-iTunesInterface-frameworks.sh",
				"${BUILT_PRODUCTS_DIR}/Alamofire/Alamofire.framework",
				"${BUILT_PRODUCTS_DIR}/SwiftyJSON/SwiftyJSON.framework",
			);
			name = "[CP] Embed Pods Frameworks";
			outputPaths = (
				"${TARGET_BUILD_DIR}/${FRAMEWORKS_FOLDER_PATH}/Alamofire.framework",
				"${TARGET_BUILD_DIR}/${FRAMEWORKS_FOLDER_PATH}/SwiftyJSON.framework",
			);
			runOnlyForDeploymentPostprocessing = 0;
			shellPath = /bin/sh;
			shellScript = "\"${SRCROOT}/Pods/Target Support Files/Pods-iTunesInterface/Pods-iTunesInterface-frameworks.sh\"\n";
			showEnvVarsInLog = 0;
		};
		EC0CB3A1D0B9E0F1418D4EEF /* [CP] Check Pods Manifest.lock */ = {
			isa = PBXShellScriptBuildPhase;
			buildActionMask = 2147483647;
			files = (
			);
			inputPaths = (
				"${PODS_PODFILE_DIR_PATH}/Podfile.lock",
				"${PODS_ROOT}/Manifest.lock",
			);
			name = "[CP] Check Pods Manifest.lock";
			outputPaths = (
				"$(DERIVED_FILE_DIR)/Pods-iTunesInterface-checkManifestLockResult.txt",
			);
			runOnlyForDeploymentPostprocessing = 0;
			shellPath = /bin/sh;
			shellScript = "diff \"${PODS_PODFILE_DIR_PATH}/Podfile.lock\" \"${PODS_ROOT}/Manifest.lock\" > /dev/null\nif [ $? != 0 ] ; then\n    # print error to STDERR\n    echo \"error: The sandbox is not in sync with the Podfile.lock. Run 'pod install' or update your CocoaPods installation.\" >&2\n    exit 1\nfi\n# This output is used by Xcode 'outputs' to avoid re-running this script phase.\necho \"SUCCESS\" > \"${SCRIPT_OUTPUT_FILE_0}\"\n";
			showEnvVarsInLog = 0;
		};
/* End PBXShellScriptBuildPhase section */

/* Begin PBXSourcesBuildPhase section */
		9EB977691F97AD63003EE58A /* Sources */ = {
			isa = PBXSourcesBuildPhase;
			buildActionMask = 2147483647;
			files = (
				9E1BD3981F983A2000D5EB7E /* UIImageViewExt.swift in Sources */,
				9EB977731F97AD63003EE58A /* HomeVC.swift in Sources */,
				9E0DD3151F984FF8008DDCF9 /* Alerts.swift in Sources */,
				9EB977711F97AD63003EE58A /* AppDelegate.swift in Sources */,
				9E1BD3921F982F3700D5EB7E /* AlbumCell.swift in Sources */,
				9E01350C1F97B25800877B78 /* Constants.swift in Sources */,
				9E0135101F97B90F00877B78 /* DataService.swift in Sources */,
				9E1BD3951F9834D600D5EB7E /* Album.swift in Sources */,
			);
			runOnlyForDeploymentPostprocessing = 0;
		};
/* End PBXSourcesBuildPhase section */

/* Begin PBXVariantGroup section */
		9EB977741F97AD63003EE58A /* Main.storyboard */ = {
			isa = PBXVariantGroup;
			children = (
				9EB977751F97AD63003EE58A /* Base */,
			);
			name = Main.storyboard;
			sourceTree = "<group>";
		};
		9EB977791F97AD63003EE58A /* LaunchScreen.storyboard */ = {
			isa = PBXVariantGroup;
			children = (
				9EB9777A1F97AD63003EE58A /* Base */,
			);
			name = LaunchScreen.storyboard;
			sourceTree = "<group>";
		};
/* End PBXVariantGroup section */

/* Begin XCBuildConfiguration section */
		9EB9777D1F97AD63003EE58A /* Debug */ = {
			isa = XCBuildConfiguration;
			buildSettings = {
				ALWAYS_SEARCH_USER_PATHS = NO;
				CLANG_ANALYZER_NONNULL = YES;
				CLANG_ANALYZER_NUMBER_OBJECT_CONVERSION = YES_AGGRESSIVE;
				CLANG_CXX_LANGUAGE_STANDARD = "gnu++14";
				CLANG_CXX_LIBRARY = "libc++";
				CLANG_ENABLE_MODULES = YES;
				CLANG_ENABLE_OBJC_ARC = YES;
				CLANG_WARN_BLOCK_CAPTURE_AUTORELEASING = YES;
				CLANG_WARN_BOOL_CONVERSION = YES;
				CLANG_WARN_COMMA = YES;
				CLANG_WARN_CONSTANT_CONVERSION = YES;
				CLANG_WARN_DIRECT_OBJC_ISA_USAGE = YES_ERROR;
				CLANG_WARN_DOCUMENTATION_COMMENTS = YES;
				CLANG_WARN_EMPTY_BODY = YES;
				CLANG_WARN_ENUM_CONVERSION = YES;
				CLANG_WARN_INFINITE_RECURSION = YES;
				CLANG_WARN_INT_CONVERSION = YES;
				CLANG_WARN_NON_LITERAL_NULL_CONVERSION = YES;
				CLANG_WARN_OBJC_LITERAL_CONVERSION = YES;
				CLANG_WARN_OBJC_ROOT_CLASS = YES_ERROR;
				CLANG_WARN_RANGE_LOOP_ANALYSIS = YES;
				CLANG_WARN_STRICT_PROTOTYPES = YES;
				CLANG_WARN_SUSPICIOUS_MOVE = YES;
				CLANG_WARN_UNGUARDED_AVAILABILITY = YES_AGGRESSIVE;
				CLANG_WARN_UNREACHABLE_CODE = YES;
				CLANG_WARN__DUPLICATE_METHOD_MATCH = YES;
				CODE_SIGN_IDENTITY = "iPhone Developer";
				COPY_PHASE_STRIP = NO;
				DEBUG_INFORMATION_FORMAT = dwarf;
				ENABLE_STRICT_OBJC_MSGSEND = YES;
				ENABLE_TESTABILITY = YES;
				GCC_C_LANGUAGE_STANDARD = gnu11;
				GCC_DYNAMIC_NO_PIC = NO;
				GCC_NO_COMMON_BLOCKS = YES;
				GCC_OPTIMIZATION_LEVEL = 0;
				GCC_PREPROCESSOR_DEFINITIONS = (
					"DEBUG=1",
					"$(inherited)",
				);
				GCC_WARN_64_TO_32_BIT_CONVERSION = YES;
				GCC_WARN_ABOUT_RETURN_TYPE = YES_ERROR;
				GCC_WARN_UNDECLARED_SELECTOR = YES;
				GCC_WARN_UNINITIALIZED_AUTOS = YES_AGGRESSIVE;
				GCC_WARN_UNUSED_FUNCTION = YES;
				GCC_WARN_UNUSED_VARIABLE = YES;
				IPHONEOS_DEPLOYMENT_TARGET = 11.0;
				MTL_ENABLE_DEBUG_INFO = YES;
				ONLY_ACTIVE_ARCH = YES;
				SDKROOT = iphoneos;
				SWIFT_ACTIVE_COMPILATION_CONDITIONS = DEBUG;
				SWIFT_OPTIMIZATION_LEVEL = "-Onone";
			};
			name = Debug;
		};
		9EB9777E1F97AD63003EE58A /* Release */ = {
			isa = XCBuildConfiguration;
			buildSettings = {
				ALWAYS_SEARCH_USER_PATHS = NO;
				CLANG_ANALYZER_NONNULL = YES;
				CLANG_ANALYZER_NUMBER_OBJECT_CONVERSION = YES_AGGRESSIVE;
				CLANG_CXX_LANGUAGE_STANDARD = "gnu++14";
				CLANG_CXX_LIBRARY = "libc++";
				CLANG_ENABLE_MODULES = YES;
				CLANG_ENABLE_OBJC_ARC = YES;
				CLANG_WARN_BLOCK_CAPTURE_AUTORELEASING = YES;
				CLANG_WARN_BOOL_CONVERSION = YES;
				CLANG_WARN_COMMA = YES;
				CLANG_WARN_CONSTANT_CONVERSION = YES;
				CLANG_WARN_DIRECT_OBJC_ISA_USAGE = YES_ERROR;
				CLANG_WARN_DOCUMENTATION_COMMENTS = YES;
				CLANG_WARN_EMPTY_BODY = YES;
				CLANG_WARN_ENUM_CONVERSION = YES;
				CLANG_WARN_INFINITE_RECURSION = YES;
				CLANG_WARN_INT_CONVERSION = YES;
				CLANG_WARN_NON_LITERAL_NULL_CONVERSION = YES;
				CLANG_WARN_OBJC_LITERAL_CONVERSION = YES;
				CLANG_WARN_OBJC_ROOT_CLASS = YES_ERROR;
				CLANG_WARN_RANGE_LOOP_ANALYSIS = YES;
				CLANG_WARN_STRICT_PROTOTYPES = YES;
				CLANG_WARN_SUSPICIOUS_MOVE = YES;
				CLANG_WARN_UNGUARDED_AVAILABILITY = YES_AGGRESSIVE;
				CLANG_WARN_UNREACHABLE_CODE = YES;
				CLANG_WARN__DUPLICATE_METHOD_MATCH = YES;
				CODE_SIGN_IDENTITY = "iPhone Developer";
				COPY_PHASE_STRIP = NO;
				DEBUG_INFORMATION_FORMAT = "dwarf-with-dsym";
				ENABLE_NS_ASSERTIONS = NO;
				ENABLE_STRICT_OBJC_MSGSEND = YES;
				GCC_C_LANGUAGE_STANDARD = gnu11;
				GCC_NO_COMMON_BLOCKS = YES;
				GCC_WARN_64_TO_32_BIT_CONVERSION = YES;
				GCC_WARN_ABOUT_RETURN_TYPE = YES_ERROR;
				GCC_WARN_UNDECLARED_SELECTOR = YES;
				GCC_WARN_UNINITIALIZED_AUTOS = YES_AGGRESSIVE;
				GCC_WARN_UNUSED_FUNCTION = YES;
				GCC_WARN_UNUSED_VARIABLE = YES;
				IPHONEOS_DEPLOYMENT_TARGET = 11.0;
				MTL_ENABLE_DEBUG_INFO = NO;
				SDKROOT = iphoneos;
				SWIFT_OPTIMIZATION_LEVEL = "-Owholemodule";
				VALIDATE_PRODUCT = YES;
			};
			name = Release;
		};
		9EB977801F97AD63003EE58A /* Debug */ = {
			isa = XCBuildConfiguration;
			baseConfigurationReference = BF6D98911DA2B9E606FBE397 /* Pods-iTunesInterface.debug.xcconfig */;
			buildSettings = {
				ASSETCATALOG_COMPILER_APPICON_NAME = AppIcon;
				CODE_SIGN_STYLE = Automatic;
				DEVELOPMENT_TEAM = ZELVJRAH4Y;
				INFOPLIST_FILE = iTunesInterface/Info.plist;
				LD_RUNPATH_SEARCH_PATHS = "$(inherited) @executable_path/Frameworks";
				PRODUCT_BUNDLE_IDENTIFIER = ownApplicationDevelopment.iTunesInterface;
				PRODUCT_NAME = "$(TARGET_NAME)";
				SWIFT_VERSION = 4.0;
				TARGETED_DEVICE_FAMILY = "1,2";
			};
			name = Debug;
		};
		9EB977811F97AD63003EE58A /* Release */ = {
			isa = XCBuildConfiguration;
			baseConfigurationReference = BCD7A83832C6F01F7A4DDFF0 /* Pods-iTunesInterface.release.xcconfig */;
			buildSettings = {
				ASSETCATALOG_COMPILER_APPICON_NAME = AppIcon;
				CODE_SIGN_STYLE = Automatic;
				DEVELOPMENT_TEAM = ZELVJRAH4Y;
				INFOPLIST_FILE = iTunesInterface/Info.plist;
				LD_RUNPATH_SEARCH_PATHS = "$(inherited) @executable_path/Frameworks";
				PRODUCT_BUNDLE_IDENTIFIER = ownApplicationDevelopment.iTunesInterface;
				PRODUCT_NAME = "$(TARGET_NAME)";
				SWIFT_VERSION = 4.0;
				TARGETED_DEVICE_FAMILY = "1,2";
			};
			name = Release;
		};
/* End XCBuildConfiguration section */

/* Begin XCConfigurationList section */
		9EB977681F97AD63003EE58A /* Build configuration list for PBXProject "iTunesInterface" */ = {
			isa = XCConfigurationList;
			buildConfigurations = (
				9EB9777D1F97AD63003EE58A /* Debug */,
				9EB9777E1F97AD63003EE58A /* Release */,
			);
			defaultConfigurationIsVisible = 0;
			defaultConfigurationName = Release;
		};
		9EB9777F1F97AD63003EE58A /* Build configuration list for PBXNativeTarget "iTunesInterface" */ = {
			isa = XCConfigurationList;
			buildConfigurations = (
				9EB977801F97AD63003EE58A /* Debug */,
				9EB977811F97AD63003EE58A /* Release */,
			);
			defaultConfigurationIsVisible = 0;
			defaultConfigurationName = Release;
		};
/* End XCConfigurationList section */
	};
	rootObject = 9EB977651F97AD63003EE58A /* Project object */;
}
